
Microsoft Visual Studio Solution File, Format Version 12.00
# Visual Studio Version 17
VisualStudioVersion = 17.2.32516.85
MinimumVisualStudioVersion = 10.0.40219.1
Project("{FAE04EC0-301F-11D3-BF4B-00C04F79EFBC}") = "Enoca.NET-Challenge", "Enoca.NET-Challenge.csproj", "{6207154B-6E01-4928-8E3D-836595186DA4}"
EndProject
Global
	GlobalSection(SolutionConfigurationPlatforms) = preSolution
		Debug|Any CPU = Debug|Any CPU
		Release|Any CPU = Release|Any CPU
	EndGlobalSection
	GlobalSection(ProjectConfigurationPlatforms) = postSolution
		{6207154B-6E01-4928-8E3D-836595186DA4}.Debug|Any CPU.ActiveCfg = Debug|Any CPU
		{6207154B-6E01-4928-8E3D-836595186DA4}.Debug|Any CPU.Build.0 = Debug|Any CPU
		{6207154B-6E01-4928-8E3D-836595186DA4}.Release|Any CPU.ActiveCfg = Release|Any CPU
		{6207154B-6E01-4928-8E3D-836595186DA4}.Release|Any CPU.Build.0 = Release|Any CPU
	EndGlobalSection
	GlobalSection(SolutionProperties) = preSolution
		HideSolutionNode = FALSE
	EndGlobalSection
	GlobalSection(ExtensibilityGlobals) = postSolution
		SolutionGuid = {0C1303ED-F726-484D-BAEE-9B6A206327FA}
	EndGlobalSection
EndGlobal
